{
  "name": "mom-beta-server-main",
  "version": "1.0.0",
  "lockfileVersion": 3,
  "requires": true,
  "packages": {
    "": {
      "name": "mom-beta-server-main",
      "version": "1.0.0",
      "license": "ISC",
      "dependencies": {
        "mom-beta-server-main": "file:"
      }
    },
    "node_modules/mom-beta-server-main": {
      "resolved": "",
      "link": true
    }
  }
}
